# This file is automatically @generated by Cargo.
# It is not intended for manual editing.
version = 4

[[package]]
name = "jpeg-unround"
version = "0.1.0"
dependencies = [
 "jpegio-sys",
]

[[package]]
name = "jpegio-sys"
version = "0.1.0"

[[package]]
name = "unround-capi"
version = "0.1.0"
dependencies = [
 "jpeg-unround",
 "jpegio-sys",
]
